# This file is automatically @generated by Poetry 1.8.3 and should not be changed by hand.

[[package]]
name = "anyio"
version = "4.9.0"
description = "High level compatibility layer for multiple asynchronous event loop implementations"
optional = false
python-versions = ">=3.9"
files = [
    {file = "anyio-4.9.0-py3-none-any.whl", hash = "sha256:9f76d541cad6e36af7beb62e978876f3b41e3e04f2c1fbf0884604c0a9c4d93c"},
    {file = "anyio-4.9.0.tar.gz", hash = "sha256:673c0c244e15788651a4ff38710fea9675823028a6f08a5eda409e0c9840a028"},
]

[package.dependencies]
idna = ">=2.8"
sniffio = ">=1.1"
typing_extensions = {version = ">=4.5", markers = "python_version < \"3.13\""}

[package.extras]
doc = ["Sphinx (>=8.2,<9.0)", "packaging", "sphinx-autodoc-typehints (>=1.2.0)", "sphinx_rtd_theme"]
test = ["anyio[trio]", "blockbuster (>=1.5.23)", "coverage[toml] (>=7)", "exceptiongroup (>=1.2.0)", "hypothesis (>=4.0)", "psutil (>=5.9)", "pytest (>=7.0)", "trustme", "truststore (>=0.9.1)", "uvloop (>=0.21)"]
trio = ["trio (>=0.26.1)"]

[[package]]
name = "blinker"
version = "1.9.0"
description = "Fast, simple object-to-object and broadcast signaling"
optional = false
python-versions = ">=3.9"
files = [
    {file = "blinker-1.9.0-py3-none-any.whl", hash = "sha256:ba0efaa9080b619ff2f3459d1d500c57bddea4a6b424b60a91141db6fd2f08bc"},
    {file = "blinker-1.9.0.tar.gz", hash = "sha256:b4ce2265a7abece45e7cc896e98dbebe6cead56bcf805a3d23136d145f5445bf"},
]

[[package]]
name = "certifi"
version = "2025.4.26"
description = "Python package for providing Mozilla's CA Bundle."
optional = false
python-versions = ">=3.6"
files = [
    {file = "certifi-2025.4.26-py3-none-any.whl", hash = "sha256:30350364dfe371162649852c63336a15c70c6510c2ad5015b21c2345311805f3"},
    {file = "certifi-2025.4.26.tar.gz", hash = "sha256:0a816057ea3cdefcef70270d2c515e4506bbc954f417fa5ade2021213bb8f0c6"},
]

[[package]]
name = "click"
version = "8.2.1"
description = "Composable command line interface toolkit"
optional = false
python-versions = ">=3.10"
files = [
    {file = "click-8.2.1-py3-none-any.whl", hash = "sha256:61a3265b914e850b85317d0b3109c7f8cd35a670f963866005d6ef1d5175a12b"},
    {file = "click-8.2.1.tar.gz", hash = "sha256:27c491cc05d968d271d5a1db13e3b5a184636d9d930f148c50b038f0d0646202"},
]

[package.dependencies]
colorama = {version = "*", markers = "platform_system == \"Windows\""}

[[package]]
name = "colorama"
version = "0.4.6"
description = "Cross-platform colored terminal text."
optional = false
python-versions = "!=3.0.*,!=3.1.*,!=3.2.*,!=3.3.*,!=3.4.*,!=3.5.*,!=3.6.*,>=2.7"
files = [
    {file = "colorama-0.4.6-py2.py3-none-any.whl", hash = "sha256:4f1d9991f5acc0ca119f9d443620b77f9d6b33703e51011c16baf57afb285fc6"},
    {file = "colorama-0.4.6.tar.gz", hash = "sha256:08695f5cb7ed6e0531a20572697297273c47b8cae5a63ffc6d6ed5c201be6e44"},
]

[[package]]
name = "flask"
version = "3.1.1"
description = "A simple framework for building complex web applications."
optional = false
python-versions = ">=3.9"
files = [
    {file = "flask-3.1.1-py3-none-any.whl", hash = "sha256:07aae2bb5eaf77993ef57e357491839f5fd9f4dc281593a81a9e4d79a24f295c"},
    {file = "flask-3.1.1.tar.gz", hash = "sha256:284c7b8f2f58cb737f0cf1c30fd7eaf0ccfcde196099d24ecede3fc2005aa59e"},
]

[package.dependencies]
blinker = ">=1.9.0"
click = ">=8.1.3"
itsdangerous = ">=2.2.0"
jinja2 = ">=3.1.2"
markupsafe = ">=2.1.1"
werkzeug = ">=3.1.0"

[package.extras]
async = ["asgiref (>=3.2)"]
dotenv = ["python-dotenv"]

[[package]]
name = "future"
version = "1.0.0"
description = "Clean single-source support for Python 3 and 2"
optional = false
python-versions = ">=2.6, !=3.0.*, !=3.1.*, !=3.2.*"
files = [
    {file = "future-1.0.0-py3-none-any.whl", hash = "sha256:929292d34f5872e70396626ef385ec22355a1fae8ad29e1a734c3e43f9fbc216"},
    {file = "future-1.0.0.tar.gz", hash = "sha256:bd2968309307861edae1458a4f8a4f3598c03be43b97521076aebf5d94c07b05"},
]

[[package]]
name = "h11"
version = "0.16.0"
description = "A pure-Python, bring-your-own-I/O implementation of HTTP/1.1"
optional = false
python-versions = ">=3.8"
files = [
    {file = "h11-0.16.0-py3-none-any.whl", hash = "sha256:63cf8bbe7522de3bf65932fda1d9c2772064ffb3dae62d55932da54b31cb6c86"},
    {file = "h11-0.16.0.tar.gz", hash = "sha256:4e35b956cf45792e4caa5885e69fba00bdbc6ffafbfa020300e549b208ee5ff1"},
]

[[package]]
name = "httpcore"
version = "1.0.9"
description = "A minimal low-level HTTP client."
optional = false
python-versions = ">=3.8"
files = [
    {file = "httpcore-1.0.9-py3-none-any.whl", hash = "sha256:2d400746a40668fc9dec9810239072b40b4484b640a8c38fd654a024c7a1bf55"},
    {file = "httpcore-1.0.9.tar.gz", hash = "sha256:6e34463af53fd2ab5d807f399a9b45ea31c3dfa2276f15a2c3f00afff6e176e8"},
]

[package.dependencies]
certifi = "*"
h11 = ">=0.16"

[package.extras]
asyncio = ["anyio (>=4.0,<5.0)"]
http2 = ["h2 (>=3,<5)"]
socks = ["socksio (==1.*)"]
trio = ["trio (>=0.22.0,<1.0)"]

[[package]]
name = "httpx"
version = "0.28.1"
description = "The next generation HTTP client."
optional = false
python-versions = ">=3.8"
files = [
    {file = "httpx-0.28.1-py3-none-any.whl", hash = "sha256:d909fcccc110f8c7faf814ca82a9a4d816bc5a6dbfea25d6591d6985b8ba59ad"},
    {file = "httpx-0.28.1.tar.gz", hash = "sha256:75e98c5f16b0f35b567856f597f06ff2270a374470a5c2392242528e3e3e42fc"},
]

[package.dependencies]
anyio = "*"
certifi = "*"
httpcore = "==1.*"
idna = "*"

[package.extras]
brotli = ["brotli", "brotlicffi"]
cli = ["click (==8.*)", "pygments (==2.*)", "rich (>=10,<14)"]
http2 = ["h2 (>=3,<5)"]
socks = ["socksio (==1.*)"]
zstd = ["zstandard (>=0.18.0)"]

[[package]]
name = "idna"
version = "3.10"
description = "Internationalized Domain Names in Applications (IDNA)"
optional = false
python-versions = ">=3.6"
files = [
    {file = "idna-3.10-py3-none-any.whl", hash = "sha256:946d195a0d259cbba61165e88e65941f16e9b36ea6ddb97f00452bae8b1287d3"},
    {file = "idna-3.10.tar.gz", hash = "sha256:12f65c9b470abda6dc35cf8e63cc574b1c52b11df2c86030af0ac09b01b13ea9"},
]

[package.extras]
all = ["flake8 (>=7.1.1)", "mypy (>=1.11.2)", "pytest (>=8.3.2)", "ruff (>=0.6.2)"]

[[package]]
name = "itsdangerous"
version = "2.2.0"
description = "Safely pass data to untrusted environments and back."
optional = false
python-versions = ">=3.8"
files = [
    {file = "itsdangerous-2.2.0-py3-none-any.whl", hash = "sha256:c6242fc49e35958c8b15141343aa660db5fc54d4f13a1db01a3f5891b98700ef"},
    {file = "itsdangerous-2.2.0.tar.gz", hash = "sha256:e0050c0b7da1eea53ffaf149c0cfbb5c6e2e2b69c4bef22c81fa6eb73e5f6173"},
]

[[package]]
name = "jinja2"
version = "3.1.6"
description = "A very fast and expressive template engine."
optional = false
python-versions = ">=3.7"
files = [
    {file = "jinja2-3.1.6-py3-none-any.whl", hash = "sha256:85ece4451f492d0c13c5dd7c13a64681a86afae63a5f347908daf103ce6d2f67"},
    {file = "jinja2-3.1.6.tar.gz", hash = "sha256:0137fb05990d35f1275a587e9aee6d56da821fc83491a0fb838183be43f66d6d"},
]

[package.dependencies]
MarkupSafe = ">=2.0"

[package.extras]
i18n = ["Babel (>=2.7)"]

[[package]]
name = "lxml"
version = "5.4.0"
description = "Powerful and Pythonic XML processing library combining libxml2/libxslt with the ElementTree API."
optional = false
python-versions = ">=3.6"
files = [
    {file = "lxml-5.4.0-cp310-cp310-macosx_10_9_universal2.whl", hash = "sha256:e7bc6df34d42322c5289e37e9971d6ed114e3776b45fa879f734bded9d1fea9c"},
    {file = "lxml-5.4.0-cp310-cp310-macosx_10_9_x86_64.whl", hash = "sha256:6854f8bd8a1536f8a1d9a3655e6354faa6406621cf857dc27b681b69860645c7"},
    {file = "lxml-5.4.0-cp310-cp310-manylinux_2_12_i686.manylinux2010_i686.manylinux_2_17_i686.manylinux2014_i686.whl", hash = "sha256:696ea9e87442467819ac22394ca36cb3d01848dad1be6fac3fb612d3bd5a12cf"},
    {file = "lxml-5.4.0-cp310-cp310-manylinux_2_17_aarch64.manylinux2014_aarch64.whl", hash = "sha256:6ef80aeac414f33c24b3815ecd560cee272786c3adfa5f31316d8b349bfade28"},
    {file = "lxml-5.4.0-cp310-cp310-manylinux_2_17_ppc64le.manylinux2014_ppc64le.whl", hash = "sha256:3b9c2754cef6963f3408ab381ea55f47dabc6f78f4b8ebb0f0b25cf1ac1f7609"},
    {file = "lxml-5.4.0-cp310-cp310-manylinux_2_17_s390x.manylinux2014_s390x.whl", hash = "sha256:7a62cc23d754bb449d63ff35334acc9f5c02e6dae830d78dab4dd12b78a524f4"},
    {file = "lxml-5.4.0-cp310-cp310-manylinux_2_17_x86_64.manylinux2014_x86_64.whl", hash = "sha256:8f82125bc7203c5ae8633a7d5d20bcfdff0ba33e436e4ab0abc026a53a8960b7"},
    {file = "lxml-5.4.0-cp310-cp310-manylinux_2_28_aarch64.whl", hash = "sha256:b67319b4aef1a6c56576ff544b67a2a6fbd7eaee485b241cabf53115e8908b8f"},
    {file = "lxml-5.4.0-cp310-cp310-manylinux_2_28_ppc64le.whl", hash = "sha256:a8ef956fce64c8551221f395ba21d0724fed6b9b6242ca4f2f7beb4ce2f41997"},
    {file = "lxml-5.4.0-cp310-cp310-manylinux_2_28_s390x.whl", hash = "sha256:0a01ce7d8479dce84fc03324e3b0c9c90b1ece9a9bb6a1b6c9025e7e4520e78c"},
    {file = "lxml-5.4.0-cp310-cp310-manylinux_2_28_x86_64.whl", hash = "sha256:91505d3ddebf268bb1588eb0f63821f738d20e1e7f05d3c647a5ca900288760b"},
    {file = "lxml-5.4.0-cp310-cp310-musllinux_1_2_aarch64.whl", hash = "sha256:a3bcdde35d82ff385f4ede021df801b5c4a5bcdfb61ea87caabcebfc4945dc1b"},
    {file = "lxml-5.4.0-cp310-cp310-musllinux_1_2_ppc64le.whl", hash = "sha256:aea7c06667b987787c7d1f5e1dfcd70419b711cdb47d6b4bb4ad4b76777a0563"},
    {file = "lxml-5.4.0-cp310-cp310-musllinux_1_2_s390x.whl", hash = "sha256:a7fb111eef4d05909b82152721a59c1b14d0f365e2be4c742a473c5d7372f4f5"},
    {file = "lxml-5.4.0-cp310-cp310-musllinux_1_2_x86_64.whl", hash = "sha256:43d549b876ce64aa18b2328faff70f5877f8c6dede415f80a2f799d31644d776"},
    {file = "lxml-5.4.0-cp310-cp310-win32.whl", hash = "sha256:75133890e40d229d6c5837b0312abbe5bac1c342452cf0e12523477cd3aa21e7"},
    {file = "lxml-5.4.0-cp310-cp310-win_amd64.whl", hash = "sha256:de5b4e1088523e2b6f730d0509a9a813355b7f5659d70eb4f319c76beea2e250"},
    {file = "lxml-5.4.0-cp311-cp311-macosx_10_9_universal2.whl", hash = "sha256:98a3912194c079ef37e716ed228ae0dcb960992100461b704aea4e93af6b0bb9"},
    {file = "lxml-5.4.0-cp311-cp311-macosx_10_9_x86_64.whl", hash = "sha256:0ea0252b51d296a75f6118ed0d8696888e7403408ad42345d7dfd0d1e93309a7"},
    {file = "lxml-5.4.0-cp311-cp311-manylinux_2_12_i686.manylinux2010_i686.manylinux_2_17_i686.manylinux2014_i686.whl", hash = "sha256:b92b69441d1bd39f4940f9eadfa417a25862242ca2c396b406f9272ef09cdcaa"},
    {file = "lxml-5.4.0-cp311-cp311-manylinux_2_17_aarch64.manylinux2014_aarch64.whl", hash = "sha256:20e16c08254b9b6466526bc1828d9370ee6c0d60a4b64836bc3ac2917d1e16df"},
    {file = "lxml-5.4.0-cp311-cp311-manylinux_2_17_ppc64le.manylinux2014_ppc64le.whl", hash = "sha256:7605c1c32c3d6e8c990dd28a0970a3cbbf1429d5b92279e37fda05fb0c92190e"},
    {file = "lxml-5.4.0-cp311-cp311-manylinux_2_17_s390x.manylinux2014_s390x.whl", hash = "sha256:ecf4c4b83f1ab3d5a7ace10bafcb6f11df6156857a3c418244cef41ca9fa3e44"},
    {file = "lxml-5.4.0-cp311-cp311-manylinux_2_17_x86_64.manylinux2014_x86_64.whl", hash = "sha256:0cef4feae82709eed352cd7e97ae062ef6ae9c7b5dbe3663f104cd2c0e8d94ba"},
    {file = "lxml-5.4.0-cp311-cp311-manylinux_2_28_aarch64.whl", hash = "sha256:df53330a3bff250f10472ce96a9af28628ff1f4efc51ccba351a8820bca2a8ba"},
    {file = "lxml-5.4.0-cp311-cp311-manylinux_2_28_ppc64le.whl", hash = "sha256:aefe1a7cb852fa61150fcb21a8c8fcea7b58c4cb11fbe59c97a0a4b31cae3c8c"},
    {file = "lxml-5.4.0-cp311-cp311-manylinux_2_28_s390x.whl", hash = "sha256:ef5a7178fcc73b7d8c07229e89f8eb45b2908a9238eb90dcfc46571ccf0383b8"},
    {file = "lxml-5.4.0-cp311-cp311-manylinux_2_28_x86_64.whl", hash = "sha256:d2ed1b3cb9ff1c10e6e8b00941bb2e5bb568b307bfc6b17dffbbe8be5eecba86"},
    {file = "lxml-5.4.0-cp311-cp311-musllinux_1_2_aarch64.whl", hash = "sha256:72ac9762a9f8ce74c9eed4a4e74306f2f18613a6b71fa065495a67ac227b3056"},
    {file = "lxml-5.4.0-cp311-cp311-musllinux_1_2_ppc64le.whl", hash = "sha256:f5cb182f6396706dc6cc1896dd02b1c889d644c081b0cdec38747573db88a7d7"},
    {file = "lxml-5.4.0-cp311-cp311-musllinux_1_2_s390x.whl", hash = "sha256:3a3178b4873df8ef9457a4875703488eb1622632a9cee6d76464b60e90adbfcd"},
    {file = "lxml-5.4.0-cp311-cp311-musllinux_1_2_x86_64.whl", hash = "sha256:e094ec83694b59d263802ed03a8384594fcce477ce484b0cbcd0008a211ca751"},
    {file = "lxml-5.4.0-cp311-cp311-win32.whl", hash = "sha256:4329422de653cdb2b72afa39b0aa04252fca9071550044904b2e7036d9d97fe4"},
    {file = "lxml-5.4.0-cp311-cp311-win_amd64.whl", hash = "sha256:fd3be6481ef54b8cfd0e1e953323b7aa9d9789b94842d0e5b142ef4bb7999539"},
    {file = "lxml-5.4.0-cp312-cp312-macosx_10_9_universal2.whl", hash = "sha256:b5aff6f3e818e6bdbbb38e5967520f174b18f539c2b9de867b1e7fde6f8d95a4"},
    {file = "lxml-5.4.0-cp312-cp312-macosx_10_9_x86_64.whl", hash = "sha256:942a5d73f739ad7c452bf739a62a0f83e2578afd6b8e5406308731f4ce78b16d"},
    {file = "lxml-5.4.0-cp312-cp312-manylinux_2_12_i686.manylinux2010_i686.manylinux_2_17_i686.manylinux2014_i686.whl", hash = "sha256:460508a4b07364d6abf53acaa0a90b6d370fafde5693ef37602566613a9b0779"},
    {file = "lxml-5.4.0-cp312-cp312-manylinux_2_17_aarch64.manylinux2014_aarch64.whl", hash = "sha256:529024ab3a505fed78fe3cc5ddc079464e709f6c892733e3f5842007cec8ac6e"},
    {file = "lxml-5.4.0-cp312-cp312-manylinux_2_17_ppc64le.manylinux2014_ppc64le.whl", hash = "sha256:7ca56ebc2c474e8f3d5761debfd9283b8b18c76c4fc0967b74aeafba1f5647f9"},
    {file = "lxml-5.4.0-cp312-cp312-manylinux_2_17_s390x.manylinux2014_s390x.whl", hash = "sha256:a81e1196f0a5b4167a8dafe3a66aa67c4addac1b22dc47947abd5d5c7a3f24b5"},
    {file = "lxml-5.4.0-cp312-cp312-manylinux_2_17_x86_64.manylinux2014_x86_64.whl", hash = "sha256:00b8686694423ddae324cf614e1b9659c2edb754de617703c3d29ff568448df5"},
    {file = "lxml-5.4.0-cp312-cp312-manylinux_2_28_aarch64.whl", hash = "sha256:c5681160758d3f6ac5b4fea370495c48aac0989d6a0f01bb9a72ad8ef5ab75c4"},
    {file = "lxml-5.4.0-cp312-cp312-manylinux_2_28_ppc64le.whl", hash = "sha256:2dc191e60425ad70e75a68c9fd90ab284df64d9cd410ba8d2b641c0c45bc006e"},
    {file = "lxml-5.4.0-cp312-cp312-manylinux_2_28_s390x.whl", hash = "sha256:67f779374c6b9753ae0a0195a892a1c234ce8416e4448fe1e9f34746482070a7"},
    {file = "lxml-5.4.0-cp312-cp312-manylinux_2_28_x86_64.whl", hash = "sha256:79d5bfa9c1b455336f52343130b2067164040604e41f6dc4d8313867ed540079"},
    {file = "lxml-5.4.0-cp312-cp312-musllinux_1_2_aarch64.whl", hash = "sha256:3d3c30ba1c9b48c68489dc1829a6eede9873f52edca1dda900066542528d6b20"},
    {file = "lxml-5.4.0-cp312-cp312-musllinux_1_2_ppc64le.whl", hash = "sha256:1af80c6316ae68aded77e91cd9d80648f7dd40406cef73df841aa3c36f6907c8"},
    {file = "lxml-5.4.0-cp312-cp312-musllinux_1_2_s390x.whl", hash = "sha256:4d885698f5019abe0de3d352caf9466d5de2baded00a06ef3f1216c1a58ae78f"},
    {file = "lxml-5.4.0-cp312-cp312-musllinux_1_2_x86_64.whl", hash = "sha256:aea53d51859b6c64e7c51d522c03cc2c48b9b5d6172126854cc7f01aa11f52bc"},
    {file = "lxml-5.4.0-cp312-cp312-win32.whl", hash = "sha256:d90b729fd2732df28130c064aac9bb8aff14ba20baa4aee7bd0795ff1187545f"},
    {file = "lxml-5.4.0-cp312-cp312-win_amd64.whl", hash = "sha256:1dc4ca99e89c335a7ed47d38964abcb36c5910790f9bd106f2a8fa2ee0b909d2"},
    {file = "lxml-5.4.0-cp313-cp313-macosx_10_13_universal2.whl", hash = "sha256:773e27b62920199c6197130632c18fb7ead3257fce1ffb7d286912e56ddb79e0"},
    {file = "lxml-5.4.0-cp313-cp313-macosx_10_13_x86_64.whl", hash = "sha256:ce9c671845de9699904b1e9df95acfe8dfc183f2310f163cdaa91a3535af95de"},
    {file = "lxml-5.4.0-cp313-cp313-manylinux_2_12_i686.manylinux2010_i686.manylinux_2_17_i686.manylinux2014_i686.whl", hash = "sha256:9454b8d8200ec99a224df8854786262b1bd6461f4280064c807303c642c05e76"},
    {file = "lxml-5.4.0-cp313-cp313-manylinux_2_17_aarch64.manylinux2014_aarch64.whl", hash = "sha256:cccd007d5c95279e529c146d095f1d39ac05139de26c098166c4beb9374b0f4d"},
    {file = "lxml-5.4.0-cp313-cp313-manylinux_2_17_ppc64le.manylinux2014_ppc64le.whl", hash = "sha256:0fce1294a0497edb034cb416ad3e77ecc89b313cff7adbee5334e4dc0d11f422"},
    {file = "lxml-5.4.0-cp313-cp313-manylinux_2_17_s390x.manylinux2014_s390x.whl", hash = "sha256:24974f774f3a78ac12b95e3a20ef0931795ff04dbb16db81a90c37f589819551"},
    {file = "lxml-5.4.0-cp313-cp313-manylinux_2_17_x86_64.manylinux2014_x86_64.whl", hash = "sha256:497cab4d8254c2a90bf988f162ace2ddbfdd806fce3bda3f581b9d24c852e03c"},
    {file = "lxml-5.4.0-cp313-cp313-manylinux_2_28_aarch64.whl", hash = "sha256:e794f698ae4c5084414efea0f5cc9f4ac562ec02d66e1484ff822ef97c2cadff"},
    {file = "lxml-5.4.0-cp313-cp313-manylinux_2_28_ppc64le.whl", hash = "sha256:2c62891b1ea3094bb12097822b3d44b93fc6c325f2043c4d2736a8ff09e65f60"},
    {file = "lxml-5.4.0-cp313-cp313-manylinux_2_28_s390x.whl", hash = "sha256:142accb3e4d1edae4b392bd165a9abdee8a3c432a2cca193df995bc3886249c8"},
    {file = "lxml-5.4.0-cp313-cp313-manylinux_2_28_x86_64.whl", hash = "sha256:1a42b3a19346e5601d1b8296ff6ef3d76038058f311902edd574461e9c036982"},
    {file = "lxml-5.4.0-cp313-cp313-musllinux_1_2_aarch64.whl", hash = "sha256:4291d3c409a17febf817259cb37bc62cb7eb398bcc95c1356947e2871911ae61"},
    {file = "lxml-5.4.0-cp313-cp313-musllinux_1_2_ppc64le.whl", hash = "sha256:4f5322cf38fe0e21c2d73901abf68e6329dc02a4994e483adbcf92b568a09a54"},
    {file = "lxml-5.4.0-cp313-cp313-musllinux_1_2_s390x.whl", hash = "sha256:0be91891bdb06ebe65122aa6bf3fc94489960cf7e03033c6f83a90863b23c58b"},
    {file = "lxml-5.4.0-cp313-cp313-musllinux_1_2_x86_64.whl", hash = "sha256:15a665ad90054a3d4f397bc40f73948d48e36e4c09f9bcffc7d90c87410e478a"},
    {file = "lxml-5.4.0-cp313-cp313-win32.whl", hash = "sha256:d5663bc1b471c79f5c833cffbc9b87d7bf13f87e055a5c86c363ccd2348d7e82"},
    {file = "lxml-5.4.0-cp313-cp313-win_amd64.whl", hash = "sha256:bcb7a1096b4b6b24ce1ac24d4942ad98f983cd3810f9711bcd0293f43a9d8b9f"},
    {file = "lxml-5.4.0-cp36-cp36m-macosx_10_9_x86_64.whl", hash = "sha256:7be701c24e7f843e6788353c055d806e8bd8466b52907bafe5d13ec6a6dbaecd"},
    {file = "lxml-5.4.0-cp36-cp36m-manylinux_2_12_i686.manylinux2010_i686.manylinux_2_17_i686.manylinux2014_i686.whl", hash = "sha256:fb54f7c6bafaa808f27166569b1511fc42701a7713858dddc08afdde9746849e"},
    {file = "lxml-5.4.0-cp36-cp36m-manylinux_2_17_x86_64.manylinux2014_x86_64.whl", hash = "sha256:97dac543661e84a284502e0cf8a67b5c711b0ad5fb661d1bd505c02f8cf716d7"},
    {file = "lxml-5.4.0-cp36-cp36m-manylinux_2_28_x86_64.whl", hash = "sha256:c70e93fba207106cb16bf852e421c37bbded92acd5964390aad07cb50d60f5cf"},
    {file = "lxml-5.4.0-cp36-cp36m-manylinux_2_5_x86_64.manylinux1_x86_64.whl", hash = "sha256:9c886b481aefdf818ad44846145f6eaf373a20d200b5ce1a5c8e1bc2d8745410"},
    {file = "lxml-5.4.0-cp36-cp36m-musllinux_1_2_x86_64.whl", hash = "sha256:fa0e294046de09acd6146be0ed6727d1f42ded4ce3ea1e9a19c11b6774eea27c"},
    {file = "lxml-5.4.0-cp36-cp36m-win32.whl", hash = "sha256:61c7bbf432f09ee44b1ccaa24896d21075e533cd01477966a5ff5a71d88b2f56"},
    {file = "lxml-5.4.0-cp36-cp36m-win_amd64.whl", hash = "sha256:7ce1a171ec325192c6a636b64c94418e71a1964f56d002cc28122fceff0b6121"},
    {file = "lxml-5.4.0-cp37-cp37m-macosx_10_9_x86_64.whl", hash = "sha256:795f61bcaf8770e1b37eec24edf9771b307df3af74d1d6f27d812e15a9ff3872"},
    {file = "lxml-5.4.0-cp37-cp37m-manylinux_2_12_i686.manylinux2010_i686.manylinux_2_17_i686.manylinux2014_i686.whl", hash = "sha256:29f451a4b614a7b5b6c2e043d7b64a15bd8304d7e767055e8ab68387a8cacf4e"},
    {file = "lxml-5.4.0-cp37-cp37m-manylinux_2_17_aarch64.manylinux2014_aarch64.whl", hash = "sha256:891f7f991a68d20c75cb13c5c9142b2a3f9eb161f1f12a9489c82172d1f133c0"},
    {file = "lxml-5.4.0-cp37-cp37m-manylinux_2_17_x86_64.manylinux2014_x86_64.whl", hash = "sha256:4aa412a82e460571fad592d0f93ce9935a20090029ba08eca05c614f99b0cc92"},
    {file = "lxml-5.4.0-cp37-cp37m-manylinux_2_28_aarch64.whl", hash = "sha256:ac7ba71f9561cd7d7b55e1ea5511543c0282e2b6450f122672a2694621d63b7e"},
    {file = "lxml-5.4.0-cp37-cp37m-manylinux_2_28_x86_64.whl", hash = "sha256:c5d32f5284012deaccd37da1e2cd42f081feaa76981f0eaa474351b68df813c5"},
    {file = "lxml-5.4.0-cp37-cp37m-musllinux_1_2_aarch64.whl", hash = "sha256:ce31158630a6ac85bddd6b830cffd46085ff90498b397bd0a259f59d27a12188"},
    {file = "lxml-5.4.0-cp37-cp37m-musllinux_1_2_x86_64.whl", hash = "sha256:31e63621e073e04697c1b2d23fcb89991790eef370ec37ce4d5d469f40924ed6"},
    {file = "lxml-5.4.0-cp37-cp37m-win32.whl", hash = "sha256:be2ba4c3c5b7900246a8f866580700ef0d538f2ca32535e991027bdaba944063"},
    {file = "lxml-5.4.0-cp37-cp37m-win_amd64.whl", hash = "sha256:09846782b1ef650b321484ad429217f5154da4d6e786636c38e434fa32e94e49"},
    {file = "lxml-5.4.0-cp38-cp38-macosx_10_9_x86_64.whl", hash = "sha256:eaf24066ad0b30917186420d51e2e3edf4b0e2ea68d8cd885b14dc8afdcf6556"},
    {file = "lxml-5.4.0-cp38-cp38-manylinux_2_12_i686.manylinux2010_i686.manylinux_2_17_i686.manylinux2014_i686.whl", hash = "sha256:2b31a3a77501d86d8ade128abb01082724c0dfd9524f542f2f07d693c9f1175f"},
    {file = "lxml-5.4.0-cp38-cp38-manylinux_2_17_aarch64.manylinux2014_aarch64.whl", hash = "sha256:0e108352e203c7afd0eb91d782582f00a0b16a948d204d4dec8565024fafeea5"},
    {file = "lxml-5.4.0-cp38-cp38-manylinux_2_17_x86_64.manylinux2014_x86_64.whl", hash = "sha256:a11a96c3b3f7551c8a8109aa65e8594e551d5a84c76bf950da33d0fb6dfafab7"},
    {file = "lxml-5.4.0-cp38-cp38-manylinux_2_28_aarch64.whl", hash = "sha256:ca755eebf0d9e62d6cb013f1261e510317a41bf4650f22963474a663fdfe02aa"},
    {file = "lxml-5.4.0-cp38-cp38-manylinux_2_28_x86_64.whl", hash = "sha256:4cd915c0fb1bed47b5e6d6edd424ac25856252f09120e3e8ba5154b6b921860e"},
    {file = "lxml-5.4.0-cp38-cp38-musllinux_1_2_aarch64.whl", hash = "sha256:226046e386556a45ebc787871d6d2467b32c37ce76c2680f5c608e25823ffc84"},
    {file = "lxml-5.4.0-cp38-cp38-musllinux_1_2_x86_64.whl", hash = "sha256:b108134b9667bcd71236c5a02aad5ddd073e372fb5d48ea74853e009fe38acb6"},
    {file = "lxml-5.4.0-cp38-cp38-win32.whl", hash = "sha256:1320091caa89805df7dcb9e908add28166113dcd062590668514dbd510798c88"},
    {file = "lxml-5.4.0-cp38-cp38-win_amd64.whl", hash = "sha256:073eb6dcdf1f587d9b88c8c93528b57eccda40209cf9be549d469b942b41d70b"},
    {file = "lxml-5.4.0-cp39-cp39-macosx_10_9_universal2.whl", hash = "sha256:bda3ea44c39eb74e2488297bb39d47186ed01342f0022c8ff407c250ac3f498e"},
    {file = "lxml-5.4.0-cp39-cp39-macosx_10_9_x86_64.whl", hash = "sha256:9ceaf423b50ecfc23ca00b7f50b64baba85fb3fb91c53e2c9d00bc86150c7e40"},
    {file = "lxml-5.4.0-cp39-cp39-manylinux_2_12_i686.manylinux2010_i686.manylinux_2_17_i686.manylinux2014_i686.whl", hash = "sha256:664cdc733bc87449fe781dbb1f309090966c11cc0c0cd7b84af956a02a8a4729"},
    {file = "lxml-5.4.0-cp39-cp39-manylinux_2_17_aarch64.manylinux2014_aarch64.whl", hash = "sha256:67ed8a40665b84d161bae3181aa2763beea3747f748bca5874b4af4d75998f87"},
    {file = "lxml-5.4.0-cp39-cp39-manylinux_2_17_x86_64.manylinux2014_x86_64.whl", hash = "sha256:9b4a3bd174cc9cdaa1afbc4620c049038b441d6ba07629d89a83b408e54c35cd"},
    {file = "lxml-5.4.0-cp39-cp39-manylinux_2_28_aarch64.whl", hash = "sha256:b0989737a3ba6cf2a16efb857fb0dfa20bc5c542737fddb6d893fde48be45433"},
    {file = "lxml-5.4.0-cp39-cp39-manylinux_2_28_x86_64.whl", hash = "sha256:dc0af80267edc68adf85f2a5d9be1cdf062f973db6790c1d065e45025fa26140"},
    {file = "lxml-5.4.0-cp39-cp39-musllinux_1_2_aarch64.whl", hash = "sha256:639978bccb04c42677db43c79bdaa23785dc7f9b83bfd87570da8207872f1ce5"},
    {file = "lxml-5.4.0-cp39-cp39-musllinux_1_2_x86_64.whl", hash = "sha256:5a99d86351f9c15e4a901fc56404b485b1462039db59288b203f8c629260a142"},
    {file = "lxml-5.4.0-cp39-cp39-win32.whl", hash = "sha256:3e6d5557989cdc3ebb5302bbdc42b439733a841891762ded9514e74f60319ad6"},
    {file = "lxml-5.4.0-cp39-cp39-win_amd64.whl", hash = "sha256:a8c9b7f16b63e65bbba889acb436a1034a82d34fa09752d754f88d708eca80e1"},
    {file = "lxml-5.4.0-pp310-pypy310_pp73-macosx_10_15_x86_64.whl", hash = "sha256:1b717b00a71b901b4667226bba282dd462c42ccf618ade12f9ba3674e1fabc55"},
    {file = "lxml-5.4.0-pp310-pypy310_pp73-manylinux_2_17_aarch64.manylinux2014_aarch64.whl", hash = "sha256:27a9ded0f0b52098ff89dd4c418325b987feed2ea5cc86e8860b0f844285d740"},
    {file = "lxml-5.4.0-pp310-pypy310_pp73-manylinux_2_17_x86_64.manylinux2014_x86_64.whl", hash = "sha256:4b7ce10634113651d6f383aa712a194179dcd496bd8c41e191cec2099fa09de5"},
    {file = "lxml-5.4.0-pp310-pypy310_pp73-manylinux_2_28_aarch64.whl", hash = "sha256:53370c26500d22b45182f98847243efb518d268374a9570409d2e2276232fd37"},
    {file = "lxml-5.4.0-pp310-pypy310_pp73-manylinux_2_28_x86_64.whl", hash = "sha256:c6364038c519dffdbe07e3cf42e6a7f8b90c275d4d1617a69bb59734c1a2d571"},
    {file = "lxml-5.4.0-pp310-pypy310_pp73-win_amd64.whl", hash = "sha256:b12cb6527599808ada9eb2cd6e0e7d3d8f13fe7bbb01c6311255a15ded4c7ab4"},
    {file = "lxml-5.4.0-pp37-pypy37_pp73-macosx_10_9_x86_64.whl", hash = "sha256:5f11a1526ebd0dee85e7b1e39e39a0cc0d9d03fb527f56d8457f6df48a10dc0c"},
    {file = "lxml-5.4.0-pp37-pypy37_pp73-manylinux_2_17_aarch64.manylinux2014_aarch64.whl", hash = "sha256:48b4afaf38bf79109bb060d9016fad014a9a48fb244e11b94f74ae366a64d252"},
    {file = "lxml-5.4.0-pp37-pypy37_pp73-manylinux_2_17_x86_64.manylinux2014_x86_64.whl", hash = "sha256:de6f6bb8a7840c7bf216fb83eec4e2f79f7325eca8858167b68708b929ab2172"},
    {file = "lxml-5.4.0-pp37-pypy37_pp73-manylinux_2_28_aarch64.whl", hash = "sha256:5cca36a194a4eb4e2ed6be36923d3cffd03dcdf477515dea687185506583d4c9"},
    {file = "lxml-5.4.0-pp37-pypy37_pp73-manylinux_2_28_x86_64.whl", hash = "sha256:b7c86884ad23d61b025989d99bfdd92a7351de956e01c61307cb87035960bcb1"},
    {file = "lxml-5.4.0-pp37-pypy37_pp73-win_amd64.whl", hash = "sha256:53d9469ab5460402c19553b56c3648746774ecd0681b1b27ea74d5d8a3ef5590"},
    {file = "lxml-5.4.0-pp38-pypy38_pp73-macosx_10_9_x86_64.whl", hash = "sha256:56dbdbab0551532bb26c19c914848d7251d73edb507c3079d6805fa8bba5b706"},
    {file = "lxml-5.4.0-pp38-pypy38_pp73-manylinux_2_17_aarch64.manylinux2014_aarch64.whl", hash = "sha256:14479c2ad1cb08b62bb941ba8e0e05938524ee3c3114644df905d2331c76cd57"},
    {file = "lxml-5.4.0-pp38-pypy38_pp73-manylinux_2_17_x86_64.manylinux2014_x86_64.whl", hash = "sha256:32697d2ea994e0db19c1df9e40275ffe84973e4232b5c274f47e7c1ec9763cdd"},
    {file = "lxml-5.4.0-pp38-pypy38_pp73-manylinux_2_28_aarch64.whl", hash = "sha256:24f6df5f24fc3385f622c0c9d63fe34604893bc1a5bdbb2dbf5870f85f9a404a"},
    {file = "lxml-5.4.0-pp38-pypy38_pp73-manylinux_2_28_x86_64.whl", hash = "sha256:151d6c40bc9db11e960619d2bf2ec5829f0aaffb10b41dcf6ad2ce0f3c0b2325"},
    {file = "lxml-5.4.0-pp38-pypy38_pp73-win_amd64.whl", hash = "sha256:4025bf2884ac4370a3243c5aa8d66d3cb9e15d3ddd0af2d796eccc5f0244390e"},
    {file = "lxml-5.4.0-pp39-pypy39_pp73-macosx_10_15_x86_64.whl", hash = "sha256:9459e6892f59ecea2e2584ee1058f5d8f629446eab52ba2305ae13a32a059530"},
    {file = "lxml-5.4.0-pp39-pypy39_pp73-manylinux_2_17_aarch64.manylinux2014_aarch64.whl", hash = "sha256:47fb24cc0f052f0576ea382872b3fc7e1f7e3028e53299ea751839418ade92a6"},
    {file = "lxml-5.4.0-pp39-pypy39_pp73-manylinux_2_17_x86_64.manylinux2014_x86_64.whl", hash = "sha256:50441c9de951a153c698b9b99992e806b71c1f36d14b154592580ff4a9d0d877"},
    {file = "lxml-5.4.0-pp39-pypy39_pp73-manylinux_2_28_aarch64.whl", hash = "sha256:ab339536aa798b1e17750733663d272038bf28069761d5be57cb4a9b0137b4f8"},
    {file = "lxml-5.4.0-pp39-pypy39_pp73-manylinux_2_28_x86_64.whl", hash = "sha256:9776af1aad5a4b4a1317242ee2bea51da54b2a7b7b48674be736d463c999f37d"},
    {file = "lxml-5.4.0-pp39-pypy39_pp73-win_amd64.whl", hash = "sha256:63e7968ff83da2eb6fdda967483a7a023aa497d85ad8f05c3ad9b1f2e8c84987"},
    {file = "lxml-5.4.0.tar.gz", hash = "sha256:d12832e1dbea4be280b22fd0ea7c9b87f0d8fc51ba06e92dc62d52f804f78ebd"},
]

[package.extras]
cssselect = ["cssselect (>=0.7)"]
html-clean = ["lxml_html_clean"]
html5 = ["html5lib"]
htmlsoup = ["BeautifulSoup4"]
source = ["Cython (>=3.0.11,<3.1.0)"]

[[package]]
name = "markupsafe"
version = "3.0.2"
description = "Safely add untrusted strings to HTML/XML markup."
optional = false
python-versions = ">=3.9"
files = [
    {file = "MarkupSafe-3.0.2-cp310-cp310-macosx_10_9_universal2.whl", hash = "sha256:7e94c425039cde14257288fd61dcfb01963e658efbc0ff54f5306b06054700f8"},
    {file = "MarkupSafe-3.0.2-cp310-cp310-macosx_11_0_arm64.whl", hash = "sha256:9e2d922824181480953426608b81967de705c3cef4d1af983af849d7bd619158"},
    {file = "MarkupSafe-3.0.2-cp310-cp310-manylinux_2_17_aarch64.manylinux2014_aarch64.whl", hash = "sha256:38a9ef736c01fccdd6600705b09dc574584b89bea478200c5fbf112a6b0d5579"},
    {file = "MarkupSafe-3.0.2-cp310-cp310-manylinux_2_17_x86_64.manylinux2014_x86_64.whl", hash = "sha256:bbcb445fa71794da8f178f0f6d66789a28d7319071af7a496d4d507ed566270d"},
    {file = "MarkupSafe-3.0.2-cp310-cp310-manylinux_2_5_i686.manylinux1_i686.manylinux_2_17_i686.manylinux2014_i686.whl", hash = "sha256:57cb5a3cf367aeb1d316576250f65edec5bb3be939e9247ae594b4bcbc317dfb"},
    {file = "MarkupSafe-3.0.2-cp310-cp310-musllinux_1_2_aarch64.whl", hash = "sha256:3809ede931876f5b2ec92eef964286840ed3540dadf803dd570c3b7e13141a3b"},
    {file = "MarkupSafe-3.0.2-cp310-cp310-musllinux_1_2_i686.whl", hash = "sha256:e07c3764494e3776c602c1e78e298937c3315ccc9043ead7e685b7f2b8d47b3c"},
    {file = "MarkupSafe-3.0.2-cp310-cp310-musllinux_1_2_x86_64.whl", hash = "sha256:b424c77b206d63d500bcb69fa55ed8d0e6a3774056bdc4839fc9298a7edca171"},
    {file = "MarkupSafe-3.0.2-cp310-cp310-win32.whl", hash = "sha256:fcabf5ff6eea076f859677f5f0b6b5c1a51e70a376b0579e0eadef8db48c6b50"},
    {file = "MarkupSafe-3.0.2-cp310-cp310-win_amd64.whl", hash = "sha256:6af100e168aa82a50e186c82875a5893c5597a0c1ccdb0d8b40240b1f28b969a"},
    {file = "MarkupSafe-3.0.2-cp311-cp311-macosx_10_9_universal2.whl", hash = "sha256:9025b4018f3a1314059769c7bf15441064b2207cb3f065e6ea1e7359cb46db9d"},
    {file = "MarkupSafe-3.0.2-cp311-cp311-macosx_11_0_arm64.whl", hash = "sha256:93335ca3812df2f366e80509ae119189886b0f3c2b81325d39efdb84a1e2ae93"},
    {file = "MarkupSafe-3.0.2-cp311-cp311-manylinux_2_17_aarch64.manylinux2014_aarch64.whl", hash = "sha256:2cb8438c3cbb25e220c2ab33bb226559e7afb3baec11c4f218ffa7308603c832"},
    {file = "MarkupSafe-3.0.2-cp311-cp311-manylinux_2_17_x86_64.manylinux2014_x86_64.whl", hash = "sha256:a123e330ef0853c6e822384873bef7507557d8e4a082961e1defa947aa59ba84"},
    {file = "MarkupSafe-3.0.2-cp311-cp311-manylinux_2_5_i686.manylinux1_i686.manylinux_2_17_i686.manylinux2014_i686.whl", hash = "sha256:1e084f686b92e5b83186b07e8a17fc09e38fff551f3602b249881fec658d3eca"},
    {file = "MarkupSafe-3.0.2-cp311-cp311-musllinux_1_2_aarch64.whl", hash = "sha256:d8213e09c917a951de9d09ecee036d5c7d36cb6cb7dbaece4c71a60d79fb9798"},
    {file = "MarkupSafe-3.0.2-cp311-cp311-musllinux_1_2_i686.whl", hash = "sha256:5b02fb34468b6aaa40dfc198d813a641e3a63b98c2b05a16b9f80b7ec314185e"},
    {file = "MarkupSafe-3.0.2-cp311-cp311-musllinux_1_2_x86_64.whl", hash = "sha256:0bff5e0ae4ef2e1ae4fdf2dfd5b76c75e5c2fa4132d05fc1b0dabcd20c7e28c4"},
    {file = "MarkupSafe-3.0.2-cp311-cp311-win32.whl", hash = "sha256:6c89876f41da747c8d3677a2b540fb32ef5715f97b66eeb0c6b66f5e3ef6f59d"},
    {file = "MarkupSafe-3.0.2-cp311-cp311-win_amd64.whl", hash = "sha256:70a87b411535ccad5ef2f1df5136506a10775d267e197e4cf531ced10537bd6b"},
    {file = "MarkupSafe-3.0.2-cp312-cp312-macosx_10_13_universal2.whl", hash = "sha256:9778bd8ab0a994ebf6f84c2b949e65736d5575320a17ae8984a77fab08db94cf"},
    {file = "MarkupSafe-3.0.2-cp312-cp312-macosx_11_0_arm64.whl", hash = "sha256:846ade7b71e3536c4e56b386c2a47adf5741d2d8b94ec9dc3e92e5e1ee1e2225"},
    {file = "MarkupSafe-3.0.2-cp312-cp312-manylinux_2_17_aarch64.manylinux2014_aarch64.whl", hash = "sha256:1c99d261bd2d5f6b59325c92c73df481e05e57f19837bdca8413b9eac4bd8028"},
    {file = "MarkupSafe-3.0.2-cp312-cp312-manylinux_2_17_x86_64.manylinux2014_x86_64.whl", hash = "sha256:e17c96c14e19278594aa4841ec148115f9c7615a47382ecb6b82bd8fea3ab0c8"},
    {file = "MarkupSafe-3.0.2-cp312-cp312-manylinux_2_5_i686.manylinux1_i686.manylinux_2_17_i686.manylinux2014_i686.whl", hash = "sha256:88416bd1e65dcea10bc7569faacb2c20ce071dd1f87539ca2ab364bf6231393c"},
    {file = "MarkupSafe-3.0.2-cp312-cp312-musllinux_1_2_aarch64.whl", hash = "sha256:2181e67807fc2fa785d0592dc2d6206c019b9502410671cc905d132a92866557"},
    {file = "MarkupSafe-3.0.2-cp312-cp312-musllinux_1_2_i686.whl", hash = "sha256:52305740fe773d09cffb16f8ed0427942901f00adedac82ec8b67752f58a1b22"},
    {file = "MarkupSafe-3.0.2-cp312-cp312-musllinux_1_2_x86_64.whl", hash = "sha256:ad10d3ded218f1039f11a75f8091880239651b52e9bb592ca27de44eed242a48"},
    {file = "MarkupSafe-3.0.2-cp312-cp312-win32.whl", hash = "sha256:0f4ca02bea9a23221c0182836703cbf8930c5e9454bacce27e767509fa286a30"},
    {file = "MarkupSafe-3.0.2-cp312-cp312-win_amd64.whl", hash = "sha256:8e06879fc22a25ca47312fbe7c8264eb0b662f6db27cb2d3bbbc74b1df4b9b87"},
    {file = "MarkupSafe-3.0.2-cp313-cp313-macosx_10_13_universal2.whl", hash = "sha256:ba9527cdd4c926ed0760bc301f6728ef34d841f405abf9d4f959c478421e4efd"},
    {file = "MarkupSafe-3.0.2-cp313-cp313-macosx_11_0_arm64.whl", hash = "sha256:f8b3d067f2e40fe93e1ccdd6b2e1d16c43140e76f02fb1319a05cf2b79d99430"},
    {file = "MarkupSafe-3.0.2-cp313-cp313-manylinux_2_17_aarch64.manylinux2014_aarch64.whl", hash = "sha256:569511d3b58c8791ab4c2e1285575265991e6d8f8700c7be0e88f86cb0672094"},
    {file = "MarkupSafe-3.0.2-cp313-cp313-manylinux_2_17_x86_64.manylinux2014_x86_64.whl", hash = "sha256:15ab75ef81add55874e7ab7055e9c397312385bd9ced94920f2802310c930396"},
    {file = "MarkupSafe-3.0.2-cp313-cp313-manylinux_2_5_i686.manylinux1_i686.manylinux_2_17_i686.manylinux2014_i686.whl", hash = "sha256:f3818cb119498c0678015754eba762e0d61e5b52d34c8b13d770f0719f7b1d79"},
    {file = "MarkupSafe-3.0.2-cp313-cp313-musllinux_1_2_aarch64.whl", hash = "sha256:cdb82a876c47801bb54a690c5ae105a46b392ac6099881cdfb9f6e95e4014c6a"},
    {file = "MarkupSafe-3.0.2-cp313-cp313-musllinux_1_2_i686.whl", hash = "sha256:cabc348d87e913db6ab4aa100f01b08f481097838bdddf7c7a84b7575b7309ca"},
    {file = "MarkupSafe-3.0.2-cp313-cp313-musllinux_1_2_x86_64.whl", hash = "sha256:444dcda765c8a838eaae23112db52f1efaf750daddb2d9ca300bcae1039adc5c"},
    {file = "MarkupSafe-3.0.2-cp313-cp313-win32.whl", hash = "sha256:bcf3e58998965654fdaff38e58584d8937aa3096ab5354d493c77d1fdd66d7a1"},
    {file = "MarkupSafe-3.0.2-cp313-cp313-win_amd64.whl", hash = "sha256:e6a2a455bd412959b57a172ce6328d2dd1f01cb2135efda2e4576e8a23fa3b0f"},
    {file = "MarkupSafe-3.0.2-cp313-cp313t-macosx_10_13_universal2.whl", hash = "sha256:b5a6b3ada725cea8a5e634536b1b01c30bcdcd7f9c6fff4151548d5bf6b3a36c"},
    {file = "MarkupSafe-3.0.2-cp313-cp313t-macosx_11_0_arm64.whl", hash = "sha256:a904af0a6162c73e3edcb969eeeb53a63ceeb5d8cf642fade7d39e7963a22ddb"},
    {file = "MarkupSafe-3.0.2-cp313-cp313t-manylinux_2_17_aarch64.manylinux2014_aarch64.whl", hash = "sha256:4aa4e5faecf353ed117801a068ebab7b7e09ffb6e1d5e412dc852e0da018126c"},
    {file = "MarkupSafe-3.0.2-cp313-cp313t-manylinux_2_17_x86_64.manylinux2014_x86_64.whl", hash = "sha256:c0ef13eaeee5b615fb07c9a7dadb38eac06a0608b41570d8ade51c56539e509d"},
    {file = "MarkupSafe-3.0.2-cp313-cp313t-manylinux_2_5_i686.manylinux1_i686.manylinux_2_17_i686.manylinux2014_i686.whl", hash = "sha256:d16a81a06776313e817c951135cf7340a3e91e8c1ff2fac444cfd75fffa04afe"},
    {file = "MarkupSafe-3.0.2-cp313-cp313t-musllinux_1_2_aarch64.whl", hash = "sha256:6381026f158fdb7c72a168278597a5e3a5222e83ea18f543112b2662a9b699c5"},
    {file = "MarkupSafe-3.0.2-cp313-cp313t-musllinux_1_2_i686.whl", hash = "sha256:3d79d162e7be8f996986c064d1c7c817f6df3a77fe3d6859f6f9e7be4b8c213a"},
    {file = "MarkupSafe-3.0.2-cp313-cp313t-musllinux_1_2_x86_64.whl", hash = "sha256:131a3c7689c85f5ad20f9f6fb1b866f402c445b220c19fe4308c0b147ccd2ad9"},
    {file = "MarkupSafe-3.0.2-cp313-cp313t-win32.whl", hash = "sha256:ba8062ed2cf21c07a9e295d5b8a2a5ce678b913b45fdf68c32d95d6c1291e0b6"},
    {file = "MarkupSafe-3.0.2-cp313-cp313t-win_amd64.whl", hash = "sha256:e444a31f8db13eb18ada366ab3cf45fd4b31e4db1236a4448f68778c1d1a5a2f"},
    {file = "MarkupSafe-3.0.2-cp39-cp39-macosx_10_9_universal2.whl", hash = "sha256:eaa0a10b7f72326f1372a713e73c3f739b524b3af41feb43e4921cb529f5929a"},
    {file = "MarkupSafe-3.0.2-cp39-cp39-macosx_11_0_arm64.whl", hash = "sha256:48032821bbdf20f5799ff537c7ac3d1fba0ba032cfc06194faffa8cda8b560ff"},
    {file = "MarkupSafe-3.0.2-cp39-cp39-manylinux_2_17_aarch64.manylinux2014_aarch64.whl", hash = "sha256:1a9d3f5f0901fdec14d8d2f66ef7d035f2157240a433441719ac9a3fba440b13"},
    {file = "MarkupSafe-3.0.2-cp39-cp39-manylinux_2_17_x86_64.manylinux2014_x86_64.whl", hash = "sha256:88b49a3b9ff31e19998750c38e030fc7bb937398b1f78cfa599aaef92d693144"},
    {file = "MarkupSafe-3.0.2-cp39-cp39-manylinux_2_5_i686.manylinux1_i686.manylinux_2_17_i686.manylinux2014_i686.whl", hash = "sha256:cfad01eed2c2e0c01fd0ecd2ef42c492f7f93902e39a42fc9ee1692961443a29"},
    {file = "MarkupSafe-3.0.2-cp39-cp39-musllinux_1_2_aarch64.whl", hash = "sha256:1225beacc926f536dc82e45f8a4d68502949dc67eea90eab715dea3a21c1b5f0"},
    {file = "MarkupSafe-3.0.2-cp39-cp39-musllinux_1_2_i686.whl", hash = "sha256:3169b1eefae027567d1ce6ee7cae382c57fe26e82775f460f0b2778beaad66c0"},
    {file = "MarkupSafe-3.0.2-cp39-cp39-musllinux_1_2_x86_64.whl", hash = "sha256:eb7972a85c54febfb25b5c4b4f3af4dcc731994c7da0d8a0b4a6eb0640e1d178"},
    {file = "MarkupSafe-3.0.2-cp39-cp39-win32.whl", hash = "sha256:8c4e8c3ce11e1f92f6536ff07154f9d49677ebaaafc32db9db4620bc11ed480f"},
    {file = "MarkupSafe-3.0.2-cp39-cp39-win_amd64.whl", hash = "sha256:6e296a513ca3d94054c2c881cc913116e90fd030ad1c656b3869762b754f5f8a"},
    {file = "markupsafe-3.0.2.tar.gz", hash = "sha256:ee55d3edf80167e48ea11a923c7386f4669df67d7994554387f84e7d8b0a2bf0"},
]

[[package]]
name = "paho-mqtt"
version = "2.1.0"
description = "MQTT version 5.0/3.1.1 client class"
optional = false
python-versions = ">=3.7"
files = [
    {file = "paho_mqtt-2.1.0-py3-none-any.whl", hash = "sha256:6db9ba9b34ed5bc6b6e3812718c7e06e2fd7444540df2455d2c51bd58808feee"},
    {file = "paho_mqtt-2.1.0.tar.gz", hash = "sha256:12d6e7511d4137555a3f6ea167ae846af2c7357b10bc6fa4f7c3968fc1723834"},
]

[package.extras]
proxy = ["pysocks"]

[[package]]
name = "pymavlink"
version = "2.4.47"
description = "Python MAVLink code"
optional = false
python-versions = "*"
files = [
    {file = "pymavlink-2.4.47-cp310-cp310-manylinux_2_17_x86_64.manylinux2014_x86_64.whl", hash = "sha256:c4b1660a0b947fc450202d40b48cd70c897335aa7c46f4019841591ae65fccb9"},
    {file = "pymavlink-2.4.47-cp310-cp310-manylinux_2_5_i686.manylinux1_i686.manylinux_2_17_i686.manylinux2014_i686.whl", hash = "sha256:85b1e3d6e7cbc7f2f67b8b00abe7b5e580737779bd4d77890861a893c0695b2c"},
    {file = "pymavlink-2.4.47-cp310-cp310-musllinux_1_2_i686.whl", hash = "sha256:5f4da7f913769bfdd3f707ca7113423b537dab403d8f709f092f5d0f3e07fefd"},
    {file = "pymavlink-2.4.47-cp310-cp310-musllinux_1_2_x86_64.whl", hash = "sha256:95fc5e8b6b64fe27e9c1447b8b5c6a58d4ca5a91752398edecdb493eeed56f14"},
    {file = "pymavlink-2.4.47-cp311-cp311-manylinux_2_17_x86_64.manylinux2014_x86_64.whl", hash = "sha256:79b6981c446bf3429d23158f47875c06337943d0a7941816733020fd0201c25a"},
    {file = "pymavlink-2.4.47-cp311-cp311-manylinux_2_5_i686.manylinux1_i686.manylinux_2_17_i686.manylinux2014_i686.whl", hash = "sha256:26025e2258149046f5d0c3e916c70059a802aff2332f7fe0535b00a79607e1ac"},
    {file = "pymavlink-2.4.47-cp311-cp311-musllinux_1_2_i686.whl", hash = "sha256:2a249d254d410ea8b386786d0889934c1b05aab033fe102316873502d27a7600"},
    {file = "pymavlink-2.4.47-cp311-cp311-musllinux_1_2_x86_64.whl", hash = "sha256:5c06403732129fb14d62620f457b1120528a644636e4a13e692825cfb0eca41a"},
    {file = "pymavlink-2.4.47-cp312-cp312-manylinux_2_17_x86_64.manylinux2014_x86_64.whl", hash = "sha256:ad4703aa2ccb9f0e56938b22b3dcfbd03b3b605c4813f0b0aa49fe98341f3a56"},
    {file = "pymavlink-2.4.47-cp312-cp312-manylinux_2_5_i686.manylinux1_i686.manylinux_2_17_i686.manylinux2014_i686.whl", hash = "sha256:663aab553a396fdb26dead4e2e4ea440d930f6b8235f6011b81e4a2094904d7d"},
    {file = "pymavlink-2.4.47-cp312-cp312-musllinux_1_2_i686.whl", hash = "sha256:9b3136aa12704c036127642163b075d5079e582aeef56a5e05da5b3431a3e027"},
    {file = "pymavlink-2.4.47-cp312-cp312-musllinux_1_2_x86_64.whl", hash = "sha256:549902183c4b17fa474432e413d36bb74e22c0b1c27a3ab5832de98c97d1791d"},
    {file = "pymavlink-2.4.47-cp313-cp313-manylinux_2_17_x86_64.manylinux2014_x86_64.whl", hash = "sha256:945df046dee0efbca43ee1ed512dc66c825e158c11e9f8a51d5182fc8dc738a0"},
    {file = "pymavlink-2.4.47-cp313-cp313-manylinux_2_5_i686.manylinux1_i686.manylinux_2_17_i686.manylinux2014_i686.whl", hash = "sha256:620cee751f0349663ea945de21b12f4ddaca64f7470486c8173426cb7e1d61ca"},
    {file = "pymavlink-2.4.47-cp313-cp313-musllinux_1_2_i686.whl", hash = "sha256:ad1b239eceb079e59eacdb3678f3df679bb0d5b195f0b72b9ccef167f89a09c0"},
    {file = "pymavlink-2.4.47-cp313-cp313-musllinux_1_2_x86_64.whl", hash = "sha256:dab3f626052fc1f556998e3e6f312ae876e6a0aa3ace1f2c461023c32c086e6f"},
    {file = "pymavlink-2.4.47-cp38-cp38-manylinux_2_17_x86_64.manylinux2014_x86_64.whl", hash = "sha256:67e081af42415bca352fb2c2bc76d33af3aec749dfb3f94b3c87f5be7a98e163"},
    {file = "pymavlink-2.4.47-cp38-cp38-manylinux_2_5_i686.manylinux1_i686.manylinux_2_17_i686.manylinux2014_i686.whl", hash = "sha256:4aa473fd6f502903219afecae85425b9445296b457cb547a5c41596e659a7ac9"},
    {file = "pymavlink-2.4.47-cp38-cp38-musllinux_1_2_i686.whl", hash = "sha256:951ebf4b570c34f4a6384e69cdad385eb388dbdc5f26a55fd005cb83f6f5b67e"},
    {file = "pymavlink-2.4.47-cp38-cp38-musllinux_1_2_x86_64.whl", hash = "sha256:66b265ea2b0682e0201fe90264c748fbbbaedee250f320180f5dffa69eb4b9d8"},
    {file = "pymavlink-2.4.47-cp39-cp39-manylinux_2_17_x86_64.manylinux2014_x86_64.whl", hash = "sha256:c248ad5a735c88ee3d299f9420bc7b5908262abe35adb7350bfbf0f914707b5e"},
    {file = "pymavlink-2.4.47-cp39-cp39-manylinux_2_5_i686.manylinux1_i686.manylinux_2_17_i686.manylinux2014_i686.whl", hash = "sha256:63c2e0751b9f2414532ca6769a679442523526d94cff2c85b7a0b8d5cad3d0e0"},
    {file = "pymavlink-2.4.47-cp39-cp39-musllinux_1_2_i686.whl", hash = "sha256:ab330d828c0d55cb261a4f3920027c2eff68e5519b1dcfd9bfd44b7881d0d557"},
    {file = "pymavlink-2.4.47-cp39-cp39-musllinux_1_2_x86_64.whl", hash = "sha256:07d97f6565e38bed1dd36dd4abe798b461f2307a877dbe9ce84a7b3c2b8f6b21"},
    {file = "pymavlink-2.4.47.tar.gz", hash = "sha256:c34de69f56e535c7fa3c651651b4a2b8e43752b68b7bda6af168dc327f33845d"},
]

[package.dependencies]
future = "*"
lxml = "*"

[[package]]
name = "pyserial"
version = "3.5"
description = "Python Serial Port Extension"
optional = false
python-versions = "*"
files = [
    {file = "pyserial-3.5-py2.py3-none-any.whl", hash = "sha256:c4451db6ba391ca6ca299fb3ec7bae67a5c55dde170964c7a14ceefec02f2cf0"},
    {file = "pyserial-3.5.tar.gz", hash = "sha256:3c77e014170dfffbd816e6ffc205e9842efb10be9f58ec16d3e8675b4925cddb"},
]

[package.extras]
cp2110 = ["hidapi"]

[[package]]
name = "sniffio"
version = "1.3.1"
description = "Sniff out which async library your code is running under"
optional = false
python-versions = ">=3.7"
files = [
    {file = "sniffio-1.3.1-py3-none-any.whl", hash = "sha256:2f6da418d1f1e0fddd844478f41680e794e6051915791a034ff65e5f100525a2"},
    {file = "sniffio-1.3.1.tar.gz", hash = "sha256:f4324edc670a0f49750a81b895f35c3adb843cca46f0530f79fc1babb23789dc"},
]

[[package]]
name = "typing-extensions"
version = "4.14.0"
description = "Backported and Experimental Type Hints for Python 3.9+"
optional = false
python-versions = ">=3.9"
files = [
    {file = "typing_extensions-4.14.0-py3-none-any.whl", hash = "sha256:a1514509136dd0b477638fc68d6a91497af5076466ad0fa6c338e44e359944af"},
    {file = "typing_extensions-4.14.0.tar.gz", hash = "sha256:8676b788e32f02ab42d9e7c61324048ae4c6d844a399eebace3d4979d75ceef4"},
]

[[package]]
name = "werkzeug"
version = "3.1.3"
description = "The comprehensive WSGI web application library."
optional = false
python-versions = ">=3.9"
files = [
    {file = "werkzeug-3.1.3-py3-none-any.whl", hash = "sha256:54b78bf3716d19a65be4fceccc0d1d7b89e608834989dfae50ea87564639213e"},
    {file = "werkzeug-3.1.3.tar.gz", hash = "sha256:60723ce945c19328679790e3282cc758aa4a6040e4bb330f53d30fa546d44746"},
]

[package.dependencies]
MarkupSafe = ">=2.1.1"

[package.extras]
watchdog = ["watchdog (>=2.3)"]

[metadata]
lock-version = "2.0"
python-versions = ">=3.11,<3.13"
content-hash = "6d0a6e7f4e08b3aa45ed61940bc0118a690d2a49c7d30c0ce8f1e15722035fdf"
